
Microsoft Visual Studio Solution File, Format Version 12.00
# Visual Studio 15
VisualStudioVersion = 15.0.28010.2041
MinimumVisualStudioVersion = 10.0.40219.1
Project("{FAE04EC0-301F-11D3-BF4B-00C04F79EFBC}") = "DemoApp2", "DemoApp2\DemoApp2.csproj", "{EB7010E7-9636-463E-8822-D67201DC0AC3}"
EndProject
Global
	GlobalSection(SolutionConfigurationPlatforms) = preSolution
		Debug|Any CPU = Debug|Any CPU
		Release|Any CPU = Release|Any CPU
	EndGlobalSection
	GlobalSection(ProjectConfigurationPlatforms) = postSolution
		{EB7010E7-9636-463E-8822-D67201DC0AC3}.Debug|Any CPU.ActiveCfg = Debug|Any CPU
		{EB7010E7-9636-463E-8822-D67201DC0AC3}.Debug|Any CPU.Build.0 = Debug|Any CPU
		{EB7010E7-9636-463E-8822-D67201DC0AC3}.Release|Any CPU.ActiveCfg = Release|Any CPU
		{EB7010E7-9636-463E-8822-D67201DC0AC3}.Release|Any CPU.Build.0 = Release|Any CPU
	EndGlobalSection
	GlobalSection(SolutionProperties) = preSolution
		HideSolutionNode = FALSE
	EndGlobalSection
	GlobalSection(ExtensibilityGlobals) = postSolution
		SolutionGuid = {A09B67E1-A59A-485F-9588-BA6A3B1DC4B4}
	EndGlobalSection
EndGlobal
